// !$*UTF8*$!
{
	archiveVersion = 1;
	classes = {
	};
	objectVersion = 50;
	objects = {

/* Begin PBXBuildFile section */
		5C012BDD21649AA2005546FB /* ToDoEntity+CoreDataClass.m in Sources */ = {isa = PBXBuildFile; fileRef = 5C012BDB21649AA2005546FB /* ToDoEntity+CoreDataClass.m */; };
		5C012BDE21649AA2005546FB /* ToDoEntity+CoreDataProperties.m in Sources */ = {isa = PBXBuildFile; fileRef = 5C012BDC21649AA2005546FB /* ToDoEntity+CoreDataProperties.m */; };
		5C0687A02161FB65007DFB79 /* MyUITableCell.m in Sources */ = {isa = PBXBuildFile; fileRef = 5C06879F2161FB65007DFB79 /* MyUITableCell.m */; };
		5C52C5B82160A9ED00AC1C66 /* AppDelegate.m in Sources */ = {isa = PBXBuildFile; fileRef = 5C52C5B72160A9ED00AC1C66 /* AppDelegate.m */; };
		5C52C5BE2160A9ED00AC1C66 /* Main.storyboard in Resources */ = {isa = PBXBuildFile; fileRef = 5C52C5BC2160A9ED00AC1C66 /* Main.storyboard */; };
		5C52C5C12160A9ED00AC1C66 /* ToD0Manager.xcdatamodeld in Sources */ = {isa = PBXBuildFile; fileRef = 5C52C5BF2160A9ED00AC1C66 /* ToD0Manager.xcdatamodeld */; };
		5C52C5C32160A9F200AC1C66 /* Assets.xcassets in Resources */ = {isa = PBXBuildFile; fileRef = 5C52C5C22160A9F200AC1C66 /* Assets.xcassets */; };
		5C52C5C62160A9F200AC1C66 /* LaunchScreen.storyboard in Resources */ = {isa = PBXBuildFile; fileRef = 5C52C5C42160A9F200AC1C66 /* LaunchScreen.storyboard */; };
		5C52C5C92160A9F200AC1C66 /* main.m in Sources */ = {isa = PBXBuildFile; fileRef = 5C52C5C82160A9F200AC1C66 /* main.m */; };
		5C52C5D12160AF9C00AC1C66 /* MyUINavigationController.m in Sources */ = {isa = PBXBuildFile; fileRef = 5C52C5D02160AF9C00AC1C66 /* MyUINavigationController.m */; };
		5C52C5D42160B00600AC1C66 /* MyUITableController.m in Sources */ = {isa = PBXBuildFile; fileRef = 5C52C5D32160B00600AC1C66 /* MyUITableController.m */; };
		5C52C5DA2160B0A300AC1C66 /* MyUIController.m in Sources */ = {isa = PBXBuildFile; fileRef = 5C52C5D92160B0A300AC1C66 /* MyUIController.m */; };
/* End PBXBuildFile section */

/* Begin PBXFileReference section */
		5C012BD921649AA2005546FB /* ToDoEntity+CoreDataProperties.h */ = {isa = PBXFileReference; lastKnownFileType = sourcecode.c.h; path = "ToDoEntity+CoreDataProperties.h"; sourceTree = "<group>"; };
		5C012BDA21649AA2005546FB /* ToDoEntity+CoreDataClass.h */ = {isa = PBXFileReference; lastKnownFileType = sourcecode.c.h; path = "ToDoEntity+CoreDataClass.h"; sourceTree = "<group>"; };
		5C012BDB21649AA2005546FB /* ToDoEntity+CoreDataClass.m */ = {isa = PBXFileReference; lastKnownFileType = sourcecode.c.objc; path = "ToDoEntity+CoreDataClass.m"; sourceTree = "<group>"; };
		5C012BDC21649AA2005546FB /* ToDoEntity+CoreDataProperties.m */ = {isa = PBXFileReference; lastKnownFileType = sourcecode.c.objc; path = "ToDoEntity+CoreDataProperties.m"; sourceTree = "<group>"; };
		5C06879E2161FB65007DFB79 /* MyUITableCell.h */ = {isa = PBXFileReference; lastKnownFileType = sourcecode.c.h; path = MyUITableCell.h; sourceTree = "<group>"; };
		5C06879F2161FB65007DFB79 /* MyUITableCell.m */ = {isa = PBXFileReference; lastKnownFileType = sourcecode.c.objc; path = MyUITableCell.m; sourceTree = "<group>"; };
		5C52C5B32160A9ED00AC1C66 /* ToD0Manager.app */ = {isa = PBXFileReference; explicitFileType = wrapper.application; includeInIndex = 0; path = ToD0Manager.app; sourceTree = BUILT_PRODUCTS_DIR; };
		5C52C5B62160A9ED00AC1C66 /* AppDelegate.h */ = {isa = PBXFileReference; lastKnownFileType = sourcecode.c.h; path = AppDelegate.h; sourceTree = "<group>"; };
		5C52C5B72160A9ED00AC1C66 /* AppDelegate.m */ = {isa = PBXFileReference; lastKnownFileType = sourcecode.c.objc; path = AppDelegate.m; sourceTree = "<group>"; };
		5C52C5BD2160A9ED00AC1C66 /* Base */ = {isa = PBXFileReference; lastKnownFileType = file.storyboard; name = Base; path = Base.lproj/Main.storyboard; sourceTree = "<group>"; };
		5C52C5C02160A9ED00AC1C66 /* ToD0Manager.xcdatamodel */ = {isa = PBXFileReference; lastKnownFileType = wrapper.xcdatamodel; path = ToD0Manager.xcdatamodel; sourceTree = "<group>"; };
		5C52C5C22160A9F200AC1C66 /* Assets.xcassets */ = {isa = PBXFileReference; lastKnownFileType = folder.assetcatalog; path = Assets.xcassets; sourceTree = "<group>"; };
		5C52C5C52160A9F200AC1C66 /* Base */ = {isa = PBXFileReference; lastKnownFileType = file.storyboard; name = Base; path = Base.lproj/LaunchScreen.storyboard; sourceTree = "<group>"; };
		5C52C5C72160A9F200AC1C66 /* Info.plist */ = {isa = PBXFileReference; lastKnownFileType = text.plist.xml; path = Info.plist; sourceTree = "<group>"; };
		5C52C5C82160A9F200AC1C66 /* main.m */ = {isa = PBXFileReference; lastKnownFileType = sourcecode.c.objc; path = main.m; sourceTree = "<group>"; };
		5C52C5CF2160AF9C00AC1C66 /* MyUINavigationController.h */ = {isa = PBXFileReference; lastKnownFileType = sourcecode.c.h; path = MyUINavigationController.h; sourceTree = "<group>"; };
		5C52C5D02160AF9C00AC1C66 /* MyUINavigationController.m */ = {isa = PBXFileReference; lastKnownFileType = sourcecode.c.objc; path = MyUINavigationController.m; sourceTree = "<group>"; };
		5C52C5D22160B00600AC1C66 /* MyUITableController.h */ = {isa = PBXFileReference; lastKnownFileType = sourcecode.c.h; path = MyUITableController.h; sourceTree = "<group>"; };
		5C52C5D32160B00600AC1C66 /* MyUITableController.m */ = {isa = PBXFileReference; lastKnownFileType = sourcecode.c.objc; path = MyUITableController.m; sourceTree = "<group>"; };
		5C52C5D82160B0A300AC1C66 /* MyUIController.h */ = {isa = PBXFileReference; lastKnownFileType = sourcecode.c.h; path = MyUIController.h; sourceTree = "<group>"; };
		5C52C5D92160B0A300AC1C66 /* MyUIController.m */ = {isa = PBXFileReference; lastKnownFileType = sourcecode.c.objc; path = MyUIController.m; sourceTree = "<group>"; };
		5C52C5DB2160B0FA00AC1C66 /* DPHandlesMOC.h */ = {isa = PBXFileReference; lastKnownFileType = sourcecode.c.h; path = DPHandlesMOC.h; sourceTree = "<group>"; };
		5C52C5DC2160B24400AC1C66 /* DPHandlesToDoEntity.h */ = {isa = PBXFileReference; lastKnownFileType = sourcecode.c.h; path = DPHandlesToDoEntity.h; sourceTree = "<group>"; };
/* End PBXFileReference section */

/* Begin PBXFrameworksBuildPhase section */
		5C52C5B02160A9EC00AC1C66 /* Frameworks */ = {
			isa = PBXFrameworksBuildPhase;
			buildActionMask = 2147483647;
			files = (
			);
			runOnlyForDeploymentPostprocessing = 0;
		};
/* End PBXFrameworksBuildPhase section */

/* Begin PBXGroup section */
		5C52C5AA2160A9EC00AC1C66 = {
			isa = PBXGroup;
			children = (
				5C012BD921649AA2005546FB /* ToDoEntity+CoreDataProperties.h */,
				5C012BDA21649AA2005546FB /* ToDoEntity+CoreDataClass.h */,
				5C012BDB21649AA2005546FB /* ToDoEntity+CoreDataClass.m */,
				5C012BDC21649AA2005546FB /* ToDoEntity+CoreDataProperties.m */,
				5C52C5B52160A9ED00AC1C66 /* ToD0Manager */,
				5C52C5B42160A9ED00AC1C66 /* Products */,
			);
			sourceTree = "<group>";
		};
		5C52C5B42160A9ED00AC1C66 /* Products */ = {
			isa = PBXGroup;
			children = (
				5C52C5B32160A9ED00AC1C66 /* ToD0Manager.app */,
			);
			name = Products;
			sourceTree = "<group>";
		};
		5C52C5B52160A9ED00AC1C66 /* ToD0Manager */ = {
			isa = PBXGroup;
			children = (
				5C52C5D82160B0A300AC1C66 /* MyUIController.h */,
				5C52C5D92160B0A300AC1C66 /* MyUIController.m */,
				5C52C5B62160A9ED00AC1C66 /* AppDelegate.h */,
				5C52C5B72160A9ED00AC1C66 /* AppDelegate.m */,
				5C52C5BC2160A9ED00AC1C66 /* Main.storyboard */,
				5C06879E2161FB65007DFB79 /* MyUITableCell.h */,
				5C06879F2161FB65007DFB79 /* MyUITableCell.m */,
				5C52C5DB2160B0FA00AC1C66 /* DPHandlesMOC.h */,
				5C52C5DC2160B24400AC1C66 /* DPHandlesToDoEntity.h */,
				5C52C5D22160B00600AC1C66 /* MyUITableController.h */,
				5C52C5D32160B00600AC1C66 /* MyUITableController.m */,
				5C52C5CF2160AF9C00AC1C66 /* MyUINavigationController.h */,
				5C52C5D02160AF9C00AC1C66 /* MyUINavigationController.m */,
				5C52C5C22160A9F200AC1C66 /* Assets.xcassets */,
				5C52C5C42160A9F200AC1C66 /* LaunchScreen.storyboard */,
				5C52C5C72160A9F200AC1C66 /* Info.plist */,
				5C52C5C82160A9F200AC1C66 /* main.m */,
				5C52C5BF2160A9ED00AC1C66 /* ToD0Manager.xcdatamodeld */,
			);
			path = ToD0Manager;
			sourceTree = "<group>";
		};
/* End PBXGroup section */

/* Begin PBXNativeTarget section */
		5C52C5B22160A9EC00AC1C66 /* ToD0Manager */ = {
			isa = PBXNativeTarget;
			buildConfigurationList = 5C52C5CC2160A9F200AC1C66 /* Build configuration list for PBXNativeTarget "ToD0Manager" */;
			buildPhases = (
				5C52C5AF2160A9EC00AC1C66 /* Sources */,
				5C52C5B02160A9EC00AC1C66 /* Frameworks */,
				5C52C5B12160A9EC00AC1C66 /* Resources */,
			);
			buildRules = (
			);
			dependencies = (
			);
			name = ToD0Manager;
			productName = ToD0Manager;
			productReference = 5C52C5B32160A9ED00AC1C66 /* ToD0Manager.app */;
			productType = "com.apple.product-type.application";
		};
/* End PBXNativeTarget section */

/* Begin PBXProject section */
		5C52C5AB2160A9EC00AC1C66 /* Project object */ = {
			isa = PBXProject;
			attributes = {
				LastUpgradeCheck = 0940;
				ORGANIZATIONNAME = "Mohamed Ismail";
				TargetAttributes = {
					5C52C5B22160A9EC00AC1C66 = {
						CreatedOnToolsVersion = 9.4.1;
					};
				};
			};
			buildConfigurationList = 5C52C5AE2160A9EC00AC1C66 /* Build configuration list for PBXProject "ToD0Manager" */;
			compatibilityVersion = "Xcode 9.3";
			developmentRegion = en;
			hasScannedForEncodings = 0;
			knownRegions = (
				en,
				Base,
			);
			mainGroup = 5C52C5AA2160A9EC00AC1C66;
			productRefGroup = 5C52C5B42160A9ED00AC1C66 /* Products */;
			projectDirPath = "";
			projectRoot = "";
			targets = (
				5C52C5B22160A9EC00AC1C66 /* ToD0Manager */,
			);
		};
/* End PBXProject section */

/* Begin PBXResourcesBuildPhase section */
		5C52C5B12160A9EC00AC1C66 /* Resources */ = {
			isa = PBXResourcesBuildPhase;
			buildActionMask = 2147483647;
			files = (
				5C52C5C62160A9F200AC1C66 /* LaunchScreen.storyboard in Resources */,
				5C52C5C32160A9F200AC1C66 /* Assets.xcassets in Resources */,
				5C52C5BE2160A9ED00AC1C66 /* Main.storyboard in Resources */,
			);
			runOnlyForDeploymentPostprocessing = 0;
		};
/* End PBXResourcesBuildPhase section */

/* Begin PBXSourcesBuildPhase section */
		5C52C5AF2160A9EC00AC1C66 /* Sources */ = {
			isa = PBXSourcesBuildPhase;
			buildActionMask = 2147483647;
			files = (
				5C52C5D42160B00600AC1C66 /* MyUITableController.m in Sources */,
				5C0687A02161FB65007DFB79 /* MyUITableCell.m in Sources */,
				5C52C5DA2160B0A300AC1C66 /* MyUIController.m in Sources */,
				5C52C5B82160A9ED00AC1C66 /* AppDelegate.m in Sources */,
				5C012BDE21649AA2005546FB /* ToDoEntity+CoreDataProperties.m in Sources */,
				5C012BDD21649AA2005546FB /* ToDoEntity+CoreDataClass.m in Sources */,
				5C52C5C92160A9F200AC1C66 /* main.m in Sources */,
				5C52C5C12160A9ED00AC1C66 /* ToD0Manager.xcdatamodeld in Sources */,
				5C52C5D12160AF9C00AC1C66 /* MyUINavigationController.m in Sources */,
			);
			runOnlyForDeploymentPostprocessing = 0;
		};
/* End PBXSourcesBuildPhase section */

/* Begin PBXVariantGroup section */
		5C52C5BC2160A9ED00AC1C66 /* Main.storyboard */ = {
			isa = PBXVariantGroup;
			children = (
				5C52C5BD2160A9ED00AC1C66 /* Base */,
			);
			name = Main.storyboard;
			sourceTree = "<group>";
		};
		5C52C5C42160A9F200AC1C66 /* LaunchScreen.storyboard */ = {
			isa = PBXVariantGroup;
			children = (
				5C52C5C52160A9F200AC1C66 /* Base */,
			);
			name = LaunchScreen.storyboard;
			sourceTree = "<group>";
		};
/* End PBXVariantGroup section */

/* Begin XCBuildConfiguration section */
		5C52C5CA2160A9F200AC1C66 /* Debug */ = {
			isa = XCBuildConfiguration;
			buildSettings = {
				ALWAYS_SEARCH_USER_PATHS = NO;
				CLANG_ANALYZER_NONNULL = YES;
				CLANG_ANALYZER_NUMBER_OBJECT_CONVERSION = YES_AGGRESSIVE;
				CLANG_CXX_LANGUAGE_STANDARD = "gnu++14";
				CLANG_CXX_LIBRARY = "libc++";
				CLANG_ENABLE_MODULES = YES;
				CLANG_ENABLE_OBJC_ARC = YES;
				CLANG_ENABLE_OBJC_WEAK = YES;
				CLANG_WARN_BLOCK_CAPTURE_AUTORELEASING = YES;
				CLANG_WARN_BOOL_CONVERSION = YES;
				CLANG_WARN_COMMA = YES;
				CLANG_WARN_CONSTANT_CONVERSION = YES;
				CLANG_WARN_DEPRECATED_OBJC_IMPLEMENTATIONS = YES;
				CLANG_WARN_DIRECT_OBJC_ISA_USAGE = YES_ERROR;
				CLANG_WARN_DOCUMENTATION_COMMENTS = YES;
				CLANG_WARN_EMPTY_BODY = YES;
				CLANG_WARN_ENUM_CONVERSION = YES;
				CLANG_WARN_INFINITE_RECURSION = YES;
				CLANG_WARN_INT_CONVERSION = YES;
				CLANG_WARN_NON_LITERAL_NULL_CONVERSION = YES;
				CLANG_WARN_OBJC_IMPLICIT_RETAIN_SELF = YES;
				CLANG_WARN_OBJC_LITERAL_CONVERSION = YES;
				CLANG_WARN_OBJC_ROOT_CLASS = YES_ERROR;
				CLANG_WARN_RANGE_LOOP_ANALYSIS = YES;
				CLANG_WARN_STRICT_PROTOTYPES = YES;
				CLANG_WARN_SUSPICIOUS_MOVE = YES;
				CLANG_WARN_UNGUARDED_AVAILABILITY = YES_AGGRESSIVE;
				CLANG_WARN_UNREACHABLE_CODE = YES;
				CLANG_WARN__DUPLICATE_METHOD_MATCH = YES;
				CODE_SIGN_IDENTITY = "iPhone Developer";
				COPY_PHASE_STRIP = NO;
				DEBUG_INFORMATION_FORMAT = dwarf;
				ENABLE_STRICT_OBJC_MSGSEND = YES;
				ENABLE_TESTABILITY = YES;
				GCC_C_LANGUAGE_STANDARD = gnu11;
				GCC_DYNAMIC_NO_PIC = NO;
				GCC_NO_COMMON_BLOCKS = YES;
				GCC_OPTIMIZATION_LEVEL = 0;
				GCC_PREPROCESSOR_DEFINITIONS = (
					"DEBUG=1",
					"$(inherited)",
				);
				GCC_WARN_64_TO_32_BIT_CONVERSION = YES;
				GCC_WARN_ABOUT_RETURN_TYPE = YES_ERROR;
				GCC_WARN_UNDECLARED_SELECTOR = YES;
				GCC_WARN_UNINITIALIZED_AUTOS = YES_AGGRESSIVE;
				GCC_WARN_UNUSED_FUNCTION = YES;
				GCC_WARN_UNUSED_VARIABLE = YES;
				IPHONEOS_DEPLOYMENT_TARGET = 11.4;
				MTL_ENABLE_DEBUG_INFO = YES;
				ONLY_ACTIVE_ARCH = YES;
				SDKROOT = iphoneos;
			};
			name = Debug;
		};
		5C52C5CB2160A9F200AC1C66 /* Release */ = {
			isa = XCBuildConfiguration;
			buildSettings = {
				ALWAYS_SEARCH_USER_PATHS = NO;
				CLANG_ANALYZER_NONNULL = YES;
				CLANG_ANALYZER_NUMBER_OBJECT_CONVERSION = YES_AGGRESSIVE;
				CLANG_CXX_LANGUAGE_STANDARD = "gnu++14";
				CLANG_CXX_LIBRARY = "libc++";
				CLANG_ENABLE_MODULES = YES;
				CLANG_ENABLE_OBJC_ARC = YES;
				CLANG_ENABLE_OBJC_WEAK = YES;
				CLANG_WARN_BLOCK_CAPTURE_AUTORELEASING = YES;
				CLANG_WARN_BOOL_CONVERSION = YES;
				CLANG_WARN_COMMA = YES;
				CLANG_WARN_CONSTANT_CONVERSION = YES;
				CLANG_WARN_DEPRECATED_OBJC_IMPLEMENTATIONS = YES;
				CLANG_WARN_DIRECT_OBJC_ISA_USAGE = YES_ERROR;
				CLANG_WARN_DOCUMENTATION_COMMENTS = YES;
				CLANG_WARN_EMPTY_BODY = YES;
				CLANG_WARN_ENUM_CONVERSION = YES;
				CLANG_WARN_INFINITE_RECURSION = YES;
				CLANG_WARN_INT_CONVERSION = YES;
				CLANG_WARN_NON_LITERAL_NULL_CONVERSION = YES;
				CLANG_WARN_OBJC_IMPLICIT_RETAIN_SELF = YES;
				CLANG_WARN_OBJC_LITERAL_CONVERSION = YES;
				CLANG_WARN_OBJC_ROOT_CLASS = YES_ERROR;
				CLANG_WARN_RANGE_LOOP_ANALYSIS = YES;
				CLANG_WARN_STRICT_PROTOTYPES = YES;
				CLANG_WARN_SUSPICIOUS_MOVE = YES;
				CLANG_WARN_UNGUARDED_AVAILABILITY = YES_AGGRESSIVE;
				CLANG_WARN_UNREACHABLE_CODE = YES;
				CLANG_WARN__DUPLICATE_METHOD_MATCH = YES;
				CODE_SIGN_IDENTITY = "iPhone Developer";
				COPY_PHASE_STRIP = NO;
				DEBUG_INFORMATION_FORMAT = "dwarf-with-dsym";
				ENABLE_NS_ASSERTIONS = NO;
				ENABLE_STRICT_OBJC_MSGSEND = YES;
				GCC_C_LANGUAGE_STANDARD = gnu11;
				GCC_NO_COMMON_BLOCKS = YES;
				GCC_WARN_64_TO_32_BIT_CONVERSION = YES;
				GCC_WARN_ABOUT_RETURN_TYPE = YES_ERROR;
				GCC_WARN_UNDECLARED_SELECTOR = YES;
				GCC_WARN_UNINITIALIZED_AUTOS = YES_AGGRESSIVE;
				GCC_WARN_UNUSED_FUNCTION = YES;
				GCC_WARN_UNUSED_VARIABLE = YES;
				IPHONEOS_DEPLOYMENT_TARGET = 11.4;
				MTL_ENABLE_DEBUG_INFO = NO;
				SDKROOT = iphoneos;
				VALIDATE_PRODUCT = YES;
			};
			name = Release;
		};
		5C52C5CD2160A9F200AC1C66 /* Debug */ = {
			isa = XCBuildConfiguration;
			buildSettings = {
				ASSETCATALOG_COMPILER_APPICON_NAME = AppIcon;
				CODE_SIGN_STYLE = Automatic;
				DEVELOPMENT_TEAM = "";
				INFOPLIST_FILE = ToD0Manager/Info.plist;
				LD_RUNPATH_SEARCH_PATHS = (
					"$(inherited)",
					"@executable_path/Frameworks",
				);
				PRODUCT_BUNDLE_IDENTIFIER = com.mismail.ToD0Manager;
				PRODUCT_NAME = "$(TARGET_NAME)";
				TARGETED_DEVICE_FAMILY = "1,2";
			};
			name = Debug;
		};
		5C52C5CE2160A9F200AC1C66 /* Release */ = {
			isa = XCBuildConfiguration;
			buildSettings = {
				ASSETCATALOG_COMPILER_APPICON_NAME = AppIcon;
				CODE_SIGN_STYLE = Automatic;
				DEVELOPMENT_TEAM = "";
				INFOPLIST_FILE = ToD0Manager/Info.plist;
				LD_RUNPATH_SEARCH_PATHS = (
					"$(inherited)",
					"@executable_path/Frameworks",
				);
				PRODUCT_BUNDLE_IDENTIFIER = com.mismail.ToD0Manager;
				PRODUCT_NAME = "$(TARGET_NAME)";
				TARGETED_DEVICE_FAMILY = "1,2";
			};
			name = Release;
		};
/* End XCBuildConfiguration section */

/* Begin XCConfigurationList section */
		5C52C5AE2160A9EC00AC1C66 /* Build configuration list for PBXProject "ToD0Manager" */ = {
			isa = XCConfigurationList;
			buildConfigurations = (
				5C52C5CA2160A9F200AC1C66 /* Debug */,
				5C52C5CB2160A9F200AC1C66 /* Release */,
			);
			defaultConfigurationIsVisible = 0;
			defaultConfigurationName = Release;
		};
		5C52C5CC2160A9F200AC1C66 /* Build configuration list for PBXNativeTarget "ToD0Manager" */ = {
			isa = XCConfigurationList;
			buildConfigurations = (
				5C52C5CD2160A9F200AC1C66 /* Debug */,
				5C52C5CE2160A9F200AC1C66 /* Release */,
			);
			defaultConfigurationIsVisible = 0;
			defaultConfigurationName = Release;
		};
/* End XCConfigurationList section */

/* Begin XCVersionGroup section */
		5C52C5BF2160A9ED00AC1C66 /* ToD0Manager.xcdatamodeld */ = {
			isa = XCVersionGroup;
			children = (
				5C52C5C02160A9ED00AC1C66 /* ToD0Manager.xcdatamodel */,
			);
			currentVersion = 5C52C5C02160A9ED00AC1C66 /* ToD0Manager.xcdatamodel */;
			path = ToD0Manager.xcdatamodeld;
			sourceTree = "<group>";
			versionGroupType = wrapper.xcdatamodel;
		};
/* End XCVersionGroup section */
	};
	rootObject = 5C52C5AB2160A9EC00AC1C66 /* Project object */;
}
